{
  "name": "swag-tag-mwc",
  "version": "0.0.0",
  "lockfileVersion": 1,
  "requires": true,
  "dependencies": {
    "@material/animation": {
      "version": "8.0.0-canary.096a7a066.0",
      "resolved": "https://registry.npmjs.org/@material/animation/-/animation-8.0.0-canary.096a7a066.0.tgz",
      "integrity": "sha512-hGL6sMGcyd9JoxcyhRkAhD6KKQwZVRkhaFcra9YMBYHUbWRxfUbfDTjUZ3ZxmLDDcsjL4Hqjblet6Xmtq3Br5g==",
      "requires": {
        "tslib": "^1.9.3"
      }
    },
    "@material/base": {
      "version": "8.0.0-canary.096a7a066.0",
      "resolved": "https://registry.npmjs.org/@material/base/-/base-8.0.0-canary.096a7a066.0.tgz",
      "integrity": "sha512-y+69zqBP2dt86evkMnFbQPCGYp5su6JBzNyWEa3qtmH0J7pUf+H1879EZabsaFM1Q6ko6IWewlnBx5g8xfoFvg==",
      "requires": {
        "tslib": "^1.9.3"
      }
    },
    "@material/density": {
      "version": "8.0.0-canary.096a7a066.0",
      "resolved": "https://registry.npmjs.org/@material/density/-/density-8.0.0-canary.096a7a066.0.tgz",
      "integrity": "sha512-sGRHzwnQk67oOpioW5NpJJbAPVPZCRZb8RE1pnwn+/6JjtFtnkSMlAGfl8NMQR+VuXkoLXORA5wOjDf0vOZJ4Q=="
    },
    "@material/dom": {
      "version": "8.0.0-canary.096a7a066.0",
      "resolved": "https://registry.npmjs.org/@material/dom/-/dom-8.0.0-canary.096a7a066.0.tgz",
      "integrity": "sha512-JfMeg+lORzHouIWBaL8HbfNutH6mAMUHv649TJEZSMIp7lkrBUXnXdJNP1CybqHKqVbNlMAIb41PBJm93tpxUw==",
      "requires": {
        "@material/feature-targeting": "8.0.0-canary.096a7a066.0",
        "tslib": "^1.9.3"
      }
    },
    "@material/elevation": {
      "version": "8.0.0-canary.096a7a066.0",
      "resolved": "https://registry.npmjs.org/@material/elevation/-/elevation-8.0.0-canary.096a7a066.0.tgz",
      "integrity": "sha512-kfP01LU+AdbXaZLoJQDSvfmbsnps/Joo3UfwvgjX8kkYRAxTauYFvq01QlQQN8P8s759QLGtBJHKN3LhNRzR4Q==",
      "requires": {
        "@material/animation": "8.0.0-canary.096a7a066.0",
        "@material/base": "8.0.0-canary.096a7a066.0",
        "@material/feature-targeting": "8.0.0-canary.096a7a066.0",
        "@material/theme": "8.0.0-canary.096a7a066.0"
      }
    },
    "@material/feature-targeting": {
      "version": "8.0.0-canary.096a7a066.0",
      "resolved": "https://registry.npmjs.org/@material/feature-targeting/-/feature-targeting-8.0.0-canary.096a7a066.0.tgz",
      "integrity": "sha512-5nxnG08PjdwhrLMNxfeCOImbdEtP/bVveOVr72hdqldHuwfnzNjp0lwWAAh/QZrpJNl4Ve2Cnp/LkRnlOELIkw=="
    },
    "@material/floating-label": {
      "version": "8.0.0-canary.096a7a066.0",
      "resolved": "https://registry.npmjs.org/@material/floating-label/-/floating-label-8.0.0-canary.096a7a066.0.tgz",
      "integrity": "sha512-ec+r6cZXQP2K/W4cbXkMdXPQvfmwddZreGktKpbsUtiFGZEjj5Y/yAPmXFSTUXIEpPpJDoF5GBOlADW0N2KLrQ==",
      "requires": {
        "@material/animation": "8.0.0-canary.096a7a066.0",
        "@material/base": "8.0.0-canary.096a7a066.0",
        "@material/dom": "8.0.0-canary.096a7a066.0",
        "@material/feature-targeting": "8.0.0-canary.096a7a066.0",
        "@material/rtl": "8.0.0-canary.096a7a066.0",
        "@material/theme": "8.0.0-canary.096a7a066.0",
        "@material/typography": "8.0.0-canary.096a7a066.0",
        "tslib": "^1.9.3"
      }
    },
    "@material/form-field": {
      "version": "8.0.0-canary.096a7a066.0",
      "resolved": "https://registry.npmjs.org/@material/form-field/-/form-field-8.0.0-canary.096a7a066.0.tgz",
      "integrity": "sha512-sJaTk94ycIv4b08Wmm31zI9/Z/BxtXo9OS4dbtca1wCR2lJEtFZWMMZZyfEks0IkET+aTHkqoqKZaitm0ZV5HA==",
      "requires": {
        "@material/base": "8.0.0-canary.096a7a066.0",
        "@material/feature-targeting": "8.0.0-canary.096a7a066.0",
        "@material/ripple": "8.0.0-canary.096a7a066.0",
        "@material/rtl": "8.0.0-canary.096a7a066.0",
        "@material/theme": "8.0.0-canary.096a7a066.0",
        "@material/typography": "8.0.0-canary.096a7a066.0",
        "tslib": "^1.9.3"
      }
    },
    "@material/line-ripple": {
      "version": "8.0.0-canary.096a7a066.0",
      "resolved": "https://registry.npmjs.org/@material/line-ripple/-/line-ripple-8.0.0-canary.096a7a066.0.tgz",
      "integrity": "sha512-7Sefq4e5wAZbK75tZ3NaMVtvtAPO34NwZIOeTSf9NAdqRanoYDUae2rLBo4i72jOTtGat8qegbIJDoNxRF8+BA==",
      "requires": {
        "@material/animation": "8.0.0-canary.096a7a066.0",
        "@material/base": "8.0.0-canary.096a7a066.0",
        "@material/feature-targeting": "8.0.0-canary.096a7a066.0",
        "@material/theme": "8.0.0-canary.096a7a066.0",
        "tslib": "^1.9.3"
      }
    },
    "@material/list": {
      "version": "8.0.0-canary.096a7a066.0",
      "resolved": "https://registry.npmjs.org/@material/list/-/list-8.0.0-canary.096a7a066.0.tgz",
      "integrity": "sha512-FjRVRaudL23HNHffSRgMOYIEiaGO//4kdkG8djELY1m/nAZV1qgCFMq8SrrEgIm6Aue2X1lyTpsFX1/Idp4zdA==",
      "requires": {
        "@material/base": "8.0.0-canary.096a7a066.0",
        "@material/density": "8.0.0-canary.096a7a066.0",
        "@material/dom": "8.0.0-canary.096a7a066.0",
        "@material/feature-targeting": "8.0.0-canary.096a7a066.0",
        "@material/ripple": "8.0.0-canary.096a7a066.0",
        "@material/rtl": "8.0.0-canary.096a7a066.0",
        "@material/shape": "8.0.0-canary.096a7a066.0",
        "@material/theme": "8.0.0-canary.096a7a066.0",
        "@material/typography": "8.0.0-canary.096a7a066.0",
        "tslib": "^1.9.3"
      }
    },
    "@material/menu": {
      "version": "8.0.0-canary.096a7a066.0",
      "resolved": "https://registry.npmjs.org/@material/menu/-/menu-8.0.0-canary.096a7a066.0.tgz",
      "integrity": "sha512-3oEULCU3nf28U8Rl+nSn3KNtLqBSCKg/eF7B8GDfslBO2nBmL3MPjIbMh6/encl5Rv/PE6qmOcE3LkZ8P9LAMw==",
      "requires": {
        "@material/base": "8.0.0-canary.096a7a066.0",
        "@material/dom": "8.0.0-canary.096a7a066.0",
        "@material/elevation": "8.0.0-canary.096a7a066.0",
        "@material/feature-targeting": "8.0.0-canary.096a7a066.0",
        "@material/list": "8.0.0-canary.096a7a066.0",
        "@material/menu-surface": "8.0.0-canary.096a7a066.0",
        "@material/ripple": "8.0.0-canary.096a7a066.0",
        "@material/rtl": "8.0.0-canary.096a7a066.0",
        "@material/theme": "8.0.0-canary.096a7a066.0",
        "tslib": "^1.9.3"
      }
    },
    "@material/menu-surface": {
      "version": "8.0.0-canary.096a7a066.0",
      "resolved": "https://registry.npmjs.org/@material/menu-surface/-/menu-surface-8.0.0-canary.096a7a066.0.tgz",
      "integrity": "sha512-ptqVYtyzB5xuAZrVC3Psc0T8MnrKEbiG8AmMRE79TBtIwdGEQccEsx9RmhVQSWS7SQz7BbBXm8A9x4cfu31C8A==",
      "requires": {
        "@material/animation": "8.0.0-canary.096a7a066.0",
        "@material/base": "8.0.0-canary.096a7a066.0",
        "@material/elevation": "8.0.0-canary.096a7a066.0",
        "@material/feature-targeting": "8.0.0-canary.096a7a066.0",
        "@material/rtl": "8.0.0-canary.096a7a066.0",
        "@material/shape": "8.0.0-canary.096a7a066.0",
        "@material/theme": "8.0.0-canary.096a7a066.0",
        "tslib": "^1.9.3"
      }
    },
    "@material/mwc-base": {
      "version": "0.18.0",
      "resolved": "https://registry.npmjs.org/@material/mwc-base/-/mwc-base-0.18.0.tgz",
      "integrity": "sha512-75CuivLaw7lSaIrkPvBaYyD6AwbYEu0M7sgnNAvHK/W5nrK1GViLJIKG87edCHhSRshZVjnDpyDIBJMR7yj03g==",
      "requires": {
        "@material/base": "=8.0.0-canary.096a7a066.0",
        "@material/dom": "=8.0.0-canary.096a7a066.0",
        "lit-element": "^2.3.0",
        "tslib": "^1.10.0"
      }
    },
    "@material/mwc-checkbox": {
      "version": "0.18.0",
      "resolved": "https://registry.npmjs.org/@material/mwc-checkbox/-/mwc-checkbox-0.18.0.tgz",
      "integrity": "sha512-+KAt+0x8SGMAeSyqU9Kw/gmCpualxthVGWf5p38dFSLJPt5NORo+yH3AF4FdkvOlK/pYFRg+ZpfxiHEGCSq+ig==",
      "requires": {
        "@material/mwc-base": "^0.18.0",
        "@material/mwc-ripple": "^0.18.0",
        "lit-element": "^2.3.0",
        "lit-html": "^1.1.2",
        "tslib": "^1.10.0"
      }
    },
    "@material/mwc-floating-label": {
      "version": "0.18.0",
      "resolved": "https://registry.npmjs.org/@material/mwc-floating-label/-/mwc-floating-label-0.18.0.tgz",
      "integrity": "sha512-0HLMrd8/hsvUprXjsebc/OVOoGe1A8BK/U2y+PJj57DpWyNsmLCWFDsR9BCiCmt3LTYWq+mez6kB64qgY2wgIA==",
      "requires": {
        "@material/floating-label": "=8.0.0-canary.096a7a066.0",
        "lit-html": "^1.1.2",
        "tslib": "^1.10.0"
      }
    },
    "@material/mwc-formfield": {
      "version": "0.18.0",
      "resolved": "https://registry.npmjs.org/@material/mwc-formfield/-/mwc-formfield-0.18.0.tgz",
      "integrity": "sha512-pyI3h9LF/Sytdf7NSl8fUQsbaxLSFq4/o1t41y9IBHy8tqUmaQRrFC3M0Ij8Btpf5pHtTgulFLLnOa9cWrsGNA==",
      "requires": {
        "@material/form-field": "=8.0.0-canary.096a7a066.0",
        "@material/mwc-base": "^0.18.0",
        "lit-element": "^2.3.0",
        "lit-html": "^1.1.2",
        "tslib": "^1.10.0"
      }
    },
    "@material/mwc-icon": {
      "version": "0.18.0",
      "resolved": "https://registry.npmjs.org/@material/mwc-icon/-/mwc-icon-0.18.0.tgz",
      "integrity": "sha512-3tYVi7DqGuL3Rk+iy+O6Mf/yB3Gc70Pf9RKMEXlEbTCilLqKTEDf4qp9RuUMN8QvWBsIH9dBWRvbApItYYgJfA==",
      "requires": {
        "lit-element": "^2.3.0",
        "tslib": "^1.10.0"
      }
    },
    "@material/mwc-line-ripple": {
      "version": "0.18.0",
      "resolved": "https://registry.npmjs.org/@material/mwc-line-ripple/-/mwc-line-ripple-0.18.0.tgz",
      "integrity": "sha512-VUP+QgLfwUwRLgFpcZYh/nplFqvLiUMLRMMYAIeidlIqaNpV0YqtcBeOrd8y4IfSNCYBfZeDZs08Kj4afCrKfg==",
      "requires": {
        "@material/line-ripple": "=8.0.0-canary.096a7a066.0",
        "lit-html": "^1.1.2",
        "tslib": "^1.10.0"
      }
    },
    "@material/mwc-list": {
      "version": "0.18.0",
      "resolved": "https://registry.npmjs.org/@material/mwc-list/-/mwc-list-0.18.0.tgz",
      "integrity": "sha512-mzcAtJkUG2icPvSaIwxDI8pLWt1szVmL629ccm6nCwdFuYeQEwjIj7aR8xD0kZ4rgaOi8IgXH2Kq5YZnywdIXA==",
      "requires": {
        "@material/base": "=8.0.0-canary.096a7a066.0",
        "@material/dom": "=8.0.0-canary.096a7a066.0",
        "@material/list": "=8.0.0-canary.096a7a066.0",
        "@material/mwc-base": "^0.18.0",
        "@material/mwc-checkbox": "^0.18.0",
        "@material/mwc-radio": "^0.18.0",
        "@material/mwc-ripple": "^0.18.0",
        "lit-element": "^2.3.0",
        "lit-html": "^1.1.2",
        "tslib": "^1.10.0"
      }
    },
    "@material/mwc-menu": {
      "version": "0.18.0",
      "resolved": "https://registry.npmjs.org/@material/mwc-menu/-/mwc-menu-0.18.0.tgz",
      "integrity": "sha512-8Q13SEZaA65YowURGrUWnIubjVOK3my5OUHHhlJ/jGH76RuZTZAJ5rwPl+JzUZjJNdPeOE5MdEUgIYSE88pFbw==",
      "requires": {
        "@material/menu": "=8.0.0-canary.096a7a066.0",
        "@material/menu-surface": "=8.0.0-canary.096a7a066.0",
        "@material/mwc-base": "^0.18.0",
        "@material/mwc-list": "^0.18.0",
        "lit-element": "^2.3.0",
        "lit-html": "^1.1.2",
        "tslib": "^1.10.0"
      }
    },
    "@material/mwc-notched-outline": {
      "version": "0.18.0",
      "resolved": "https://registry.npmjs.org/@material/mwc-notched-outline/-/mwc-notched-outline-0.18.0.tgz",
      "integrity": "sha512-vzZP7qVV1uuLoDAbSS+nz25CJcA0Ir19ouoaZGsnT1m5X7M/Hj0KTraRdtaph1ECcBp/oI9LSQlV7fwEBI8Gxg==",
      "requires": {
        "@material/mwc-base": "^0.18.0",
        "@material/notched-outline": "=8.0.0-canary.096a7a066.0",
        "lit-element": "^2.3.0",
        "lit-html": "^1.1.2",
        "tslib": "^1.10.0"
      }
    },
    "@material/mwc-radio": {
      "version": "0.18.0",
      "resolved": "https://registry.npmjs.org/@material/mwc-radio/-/mwc-radio-0.18.0.tgz",
      "integrity": "sha512-cZRJsQphjSFu9XWUrZa8sTOitOwQHkmUD9DHv73M39rBx3LqXTNWpxIOcXUbuc31Gt0EGX6v0Fi/PzW+9tV5vQ==",
      "requires": {
        "@material/mwc-base": "^0.18.0",
        "@material/mwc-ripple": "^0.18.0",
        "@material/radio": "=8.0.0-canary.096a7a066.0",
        "lit-element": "^2.3.0",
        "tslib": "^1.10.0"
      }
    },
    "@material/mwc-ripple": {
      "version": "0.18.0",
      "resolved": "https://registry.npmjs.org/@material/mwc-ripple/-/mwc-ripple-0.18.0.tgz",
      "integrity": "sha512-6+7QQmMXmbd42rQOPEmMnY7Sp7EsewI7Ar0N/d6MNrd+4LIcC+G9+mIambZ+r5Gs7i3/HTBdehKl37jCW5Equw==",
      "requires": {
        "@material/dom": "=8.0.0-canary.096a7a066.0",
        "@material/mwc-base": "^0.18.0",
        "@material/ripple": "=8.0.0-canary.096a7a066.0",
        "lit-element": "^2.3.0",
        "lit-html": "^1.1.2",
        "tslib": "^1.10.0"
      }
    },
    "@material/mwc-select": {
      "version": "0.18.0",
      "resolved": "https://registry.npmjs.org/@material/mwc-select/-/mwc-select-0.18.0.tgz",
      "integrity": "sha512-xPrCVRNIkzN1LUszgEC5YrmYs9HbzyNdhGDjfODKycI2tsJl4bF82KbAI1bz8xDalKrNh5wsKQkY56LsLTnmyg==",
      "requires": {
        "@material/dom": "=8.0.0-canary.096a7a066.0",
        "@material/floating-label": "=8.0.0-canary.096a7a066.0",
        "@material/line-ripple": "=8.0.0-canary.096a7a066.0",
        "@material/list": "=8.0.0-canary.096a7a066.0",
        "@material/mwc-base": "^0.18.0",
        "@material/mwc-floating-label": "^0.18.0",
        "@material/mwc-icon": "^0.18.0",
        "@material/mwc-line-ripple": "^0.18.0",
        "@material/mwc-list": "^0.18.0",
        "@material/mwc-menu": "^0.18.0",
        "@material/mwc-notched-outline": "^0.18.0",
        "@material/select": "=8.0.0-canary.096a7a066.0",
        "lit-element": "^2.3.0",
        "lit-html": "^1.1.2",
        "tslib": "^1.10.0"
      }
    },
    "@material/mwc-textarea": {
      "version": "0.18.0",
      "resolved": "https://registry.npmjs.org/@material/mwc-textarea/-/mwc-textarea-0.18.0.tgz",
      "integrity": "sha512-6KceHfcxbUExy+IhUY6nS8OmbrlrFOFenwyYhIsufEyLHkwARE2jYtG50HVTXFTO+B0EaJ7FZG5aZVz4y6CUjg==",
      "requires": {
        "@material/mwc-base": "^0.18.0",
        "@material/mwc-textfield": "^0.18.0",
        "lit-element": "^2.3.0",
        "lit-html": "^1.1.2",
        "tslib": "^1.10.0"
      }
    },
    "@material/mwc-textfield": {
      "version": "0.18.0",
      "resolved": "https://registry.npmjs.org/@material/mwc-textfield/-/mwc-textfield-0.18.0.tgz",
      "integrity": "sha512-7aWk4+5ZnusIGUPAhy0PaQKBNdkWnE3Ipz4BLNq9X8VqgnNIcod4FpfHcFyFs8+eWXW1I+xf5TUDcfG9MmoM+Q==",
      "requires": {
        "@material/floating-label": "=8.0.0-canary.096a7a066.0",
        "@material/line-ripple": "=8.0.0-canary.096a7a066.0",
        "@material/mwc-base": "^0.18.0",
        "@material/mwc-floating-label": "^0.18.0",
        "@material/mwc-line-ripple": "^0.18.0",
        "@material/mwc-notched-outline": "^0.18.0",
        "@material/textfield": "=8.0.0-canary.096a7a066.0",
        "lit-element": "^2.3.0",
        "lit-html": "^1.1.2",
        "tslib": "^1.10.0"
      }
    },
    "@material/notched-outline": {
      "version": "8.0.0-canary.096a7a066.0",
      "resolved": "https://registry.npmjs.org/@material/notched-outline/-/notched-outline-8.0.0-canary.096a7a066.0.tgz",
      "integrity": "sha512-BKJQiHuWEQNXgrTG8AVg4iPm3PvuZ/5Bs/bvW6cBKGsk1Ki0mK1hl3RWG9BqzQ3BR9NV5AmPog6gfnJfpBaH6Q==",
      "requires": {
        "@material/base": "8.0.0-canary.096a7a066.0",
        "@material/feature-targeting": "8.0.0-canary.096a7a066.0",
        "@material/floating-label": "8.0.0-canary.096a7a066.0",
        "@material/rtl": "8.0.0-canary.096a7a066.0",
        "@material/shape": "8.0.0-canary.096a7a066.0",
        "@material/theme": "8.0.0-canary.096a7a066.0",
        "tslib": "^1.9.3"
      }
    },
    "@material/radio": {
      "version": "8.0.0-canary.096a7a066.0",
      "resolved": "https://registry.npmjs.org/@material/radio/-/radio-8.0.0-canary.096a7a066.0.tgz",
      "integrity": "sha512-EvjhY4R3BbhSYYr4uRsP10dDVGek+GWQoxGGf1Ydwbuc84JqS83mXoOueOxoiApYZKDZmW7sX8Rvmm4zY+LPNw==",
      "requires": {
        "@material/animation": "8.0.0-canary.096a7a066.0",
        "@material/base": "8.0.0-canary.096a7a066.0",
        "@material/density": "8.0.0-canary.096a7a066.0",
        "@material/dom": "8.0.0-canary.096a7a066.0",
        "@material/feature-targeting": "8.0.0-canary.096a7a066.0",
        "@material/ripple": "8.0.0-canary.096a7a066.0",
        "@material/theme": "8.0.0-canary.096a7a066.0",
        "@material/touch-target": "8.0.0-canary.096a7a066.0",
        "tslib": "^1.9.3"
      }
    },
    "@material/ripple": {
      "version": "8.0.0-canary.096a7a066.0",
      "resolved": "https://registry.npmjs.org/@material/ripple/-/ripple-8.0.0-canary.096a7a066.0.tgz",
      "integrity": "sha512-SQGYL/arRC76P5kr23i8gkUY4FmJVZN98f2Ke3CTAG8VrecI0uqnmPRtDTC6A8djEbePlEmqDUxnWP+ZoDr9+g==",
      "requires": {
        "@material/animation": "8.0.0-canary.096a7a066.0",
        "@material/base": "8.0.0-canary.096a7a066.0",
        "@material/dom": "8.0.0-canary.096a7a066.0",
        "@material/feature-targeting": "8.0.0-canary.096a7a066.0",
        "@material/theme": "8.0.0-canary.096a7a066.0",
        "tslib": "^1.9.3"
      }
    },
    "@material/rtl": {
      "version": "8.0.0-canary.096a7a066.0",
      "resolved": "https://registry.npmjs.org/@material/rtl/-/rtl-8.0.0-canary.096a7a066.0.tgz",
      "integrity": "sha512-/JpiBQIcva0DRv4WOek+5dWvGmXR6zaEqYmIRZj4w6bWMvCquGqYHUc/xiJdORk8xIKY9zzxY0bOfF0/EIWyVQ==",
      "requires": {
        "@material/theme": "8.0.0-canary.096a7a066.0"
      }
    },
    "@material/select": {
      "version": "8.0.0-canary.096a7a066.0",
      "resolved": "https://registry.npmjs.org/@material/select/-/select-8.0.0-canary.096a7a066.0.tgz",
      "integrity": "sha512-yKZpcKlqk4WgxmTtKb0OppgtiLuEbIZL5k0s1L/JXtBtHip4JWQyjRdKKT/acJy4gte+/YWd7UjEplkV1R7Pqw==",
      "requires": {
        "@material/animation": "8.0.0-canary.096a7a066.0",
        "@material/base": "8.0.0-canary.096a7a066.0",
        "@material/density": "8.0.0-canary.096a7a066.0",
        "@material/dom": "8.0.0-canary.096a7a066.0",
        "@material/feature-targeting": "8.0.0-canary.096a7a066.0",
        "@material/floating-label": "8.0.0-canary.096a7a066.0",
        "@material/line-ripple": "8.0.0-canary.096a7a066.0",
        "@material/list": "8.0.0-canary.096a7a066.0",
        "@material/menu": "8.0.0-canary.096a7a066.0",
        "@material/menu-surface": "8.0.0-canary.096a7a066.0",
        "@material/notched-outline": "8.0.0-canary.096a7a066.0",
        "@material/ripple": "8.0.0-canary.096a7a066.0",
        "@material/rtl": "8.0.0-canary.096a7a066.0",
        "@material/shape": "8.0.0-canary.096a7a066.0",
        "@material/theme": "8.0.0-canary.096a7a066.0",
        "@material/typography": "8.0.0-canary.096a7a066.0",
        "tslib": "^1.9.3"
      }
    },
    "@material/shape": {
      "version": "8.0.0-canary.096a7a066.0",
      "resolved": "https://registry.npmjs.org/@material/shape/-/shape-8.0.0-canary.096a7a066.0.tgz",
      "integrity": "sha512-UoagRun+cQF2yieE+ErJJQpNLyn2+PU7FifFF7N381sMBQTcxQZ7bFHNkmj1eqUPUsiWxbJxnjsMjQ2Ez5e/Aw==",
      "requires": {
        "@material/feature-targeting": "8.0.0-canary.096a7a066.0",
        "@material/rtl": "8.0.0-canary.096a7a066.0",
        "@material/theme": "8.0.0-canary.096a7a066.0"
      }
    },
    "@material/textfield": {
      "version": "8.0.0-canary.096a7a066.0",
      "resolved": "https://registry.npmjs.org/@material/textfield/-/textfield-8.0.0-canary.096a7a066.0.tgz",
      "integrity": "sha512-SCzMz6G/sw5onbOko5oM/VwwYwGD97tFnF/Yss/eZCWEHAUWhYZvrzs2oFdAAQKSRgUTiZ5pifNF9rizdwr+EA==",
      "requires": {
        "@material/animation": "8.0.0-canary.096a7a066.0",
        "@material/base": "8.0.0-canary.096a7a066.0",
        "@material/density": "8.0.0-canary.096a7a066.0",
        "@material/dom": "8.0.0-canary.096a7a066.0",
        "@material/feature-targeting": "8.0.0-canary.096a7a066.0",
        "@material/floating-label": "8.0.0-canary.096a7a066.0",
        "@material/line-ripple": "8.0.0-canary.096a7a066.0",
        "@material/notched-outline": "8.0.0-canary.096a7a066.0",
        "@material/ripple": "8.0.0-canary.096a7a066.0",
        "@material/rtl": "8.0.0-canary.096a7a066.0",
        "@material/shape": "8.0.0-canary.096a7a066.0",
        "@material/theme": "8.0.0-canary.096a7a066.0",
        "@material/typography": "8.0.0-canary.096a7a066.0",
        "tslib": "^1.9.3"
      }
    },
    "@material/theme": {
      "version": "8.0.0-canary.096a7a066.0",
      "resolved": "https://registry.npmjs.org/@material/theme/-/theme-8.0.0-canary.096a7a066.0.tgz",
      "integrity": "sha512-FdAUEjq7KJ835sobJQL0w0XWD5PabXl77HmBuy5F3bEYbYterWOutvuHbTkAEN6sTzgHCKhdoMubRxMKidqafA==",
      "requires": {
        "@material/feature-targeting": "8.0.0-canary.096a7a066.0"
      }
    },
    "@material/touch-target": {
      "version": "8.0.0-canary.096a7a066.0",
      "resolved": "https://registry.npmjs.org/@material/touch-target/-/touch-target-8.0.0-canary.096a7a066.0.tgz",
      "integrity": "sha512-coRXk1b0BmzE3CYx7xpobEb+kKdFexuqUPjQFmVZZifZD9DC5zWqwgCw/69ZUxYCm04FYTZbjj/Y/40qYTP4+A==",
      "requires": {
        "@material/base": "8.0.0-canary.096a7a066.0",
        "@material/feature-targeting": "8.0.0-canary.096a7a066.0"
      }
    },
    "@material/typography": {
      "version": "8.0.0-canary.096a7a066.0",
      "resolved": "https://registry.npmjs.org/@material/typography/-/typography-8.0.0-canary.096a7a066.0.tgz",
      "integrity": "sha512-q6HKSmEWSU9lM3sy1GjiGRskqXWMnwIWWAzet15+Q928JmYBKlw3TLvgfjeeQiaq/c3pHWcGE7Dctk6oNrsQWQ==",
      "requires": {
        "@material/feature-targeting": "8.0.0-canary.096a7a066.0",
        "@material/theme": "8.0.0-canary.096a7a066.0"
      }
    },
    "@power-elements/json-viewer": {
      "version": "2.0.3",
      "resolved": "https://registry.npmjs.org/@power-elements/json-viewer/-/json-viewer-2.0.3.tgz",
      "integrity": "sha512-ktbwZ/YpFHM/0HBF7UVHq+qiE1HOkhd8E7QGXqjUNBIywcJzgKHt/iFpI9i9pOuDG43aXOrgusXahJfEzrqYRQ=="
    },
    "css-observe": {
      "version": "0.0.22",
      "resolved": "https://registry.npmjs.org/css-observe/-/css-observe-0.0.22.tgz",
      "integrity": "sha512-2n8Zw8Yd5xypkNuLn5rh24Vjoli+O6LhUVZDgKmPcPZahRoLuwyY3qEcfgsGMpTFXkPDYnBy5DD8v+3RTsWrVg==",
      "requires": {
        "trans-render": "0.0.212",
        "xtal-element": "0.0.223"
      },
      "dependencies": {
        "trans-render": {
          "version": "0.0.212",
          "resolved": "https://registry.npmjs.org/trans-render/-/trans-render-0.0.212.tgz",
          "integrity": "sha512-DWAMGLTZn8qrJsO9JcaICAdUpExgo+/9lqC17Gbq5h3DG9HymV+ssr5iDq/a6chES38BBtqTc5a2SCRGgcDNvg=="
        },
        "xtal-element": {
          "version": "0.0.223",
          "resolved": "https://registry.npmjs.org/xtal-element/-/xtal-element-0.0.223.tgz",
          "integrity": "sha512-UfPHI44jzSNmWT6sPTohfXjyJEjLlH528SAVCAz4/CpxyUyPlMe4exK8jciC7Yb7uZlaQ9tGGNAGDqPYukKr/A==",
          "requires": {
            "trans-render": "0.0.212"
          }
        }
      }
    },
    "event-switch": {
      "version": "0.0.12",
      "resolved": "https://registry.npmjs.org/event-switch/-/event-switch-0.0.12.tgz",
      "integrity": "sha512-T4ZNewAhMsLkurklQwzznYsz7MHqhriwZHxYFLRHY+TfIbSTAOoB1IO4QibezD2D7HEdQnIb99v+eSV2N4KIbg=="
    },
    "hypo-link": {
      "version": "0.0.20",
      "resolved": "https://registry.npmjs.org/hypo-link/-/hypo-link-0.0.20.tgz",
      "integrity": "sha512-/RYPINo7m5eHf1UI/cmTXKropsG+W1Ji/g9KlTMotF2yMaK3nx+KeZ/9fEV8iidyWlzglRdtrHOvprGhCHEpCQ==",
      "requires": {
        "trans-render": "0.0.136",
        "xtal-element": "0.0.87"
      },
      "dependencies": {
        "trans-render": {
          "version": "0.0.136",
          "resolved": "https://registry.npmjs.org/trans-render/-/trans-render-0.0.136.tgz",
          "integrity": "sha512-LdJID2Vv/zI136LKn8KgY92Xn+/1zStB9bF0zFDm/kFYo/1xbNnIXOwVF83GsVcxYkAVVtac+Zwa3qv7/ogJ9Q=="
        },
        "xtal-element": {
          "version": "0.0.87",
          "resolved": "https://registry.npmjs.org/xtal-element/-/xtal-element-0.0.87.tgz",
          "integrity": "sha512-3/QOjVm9aw2kdUch/JKaV+2/ROBfjDKWvVB3l++sLzPdozuRMXKW8LbSBKUC2Yv0rJ5VqbyrhrNveJSClyO4yg==",
          "requires": {
            "event-switch": "0.0.12",
            "trans-render": "0.0.136"
          }
        }
      }
    },
    "json-editor": {
      "version": "0.7.28",
      "resolved": "https://registry.npmjs.org/json-editor/-/json-editor-0.7.28.tgz",
      "integrity": "sha1-KqWwmQorUHZ4kVjn3YotIQjOnMU="
    },
    "lit-element": {
      "version": "2.3.1",
      "resolved": "https://registry.npmjs.org/lit-element/-/lit-element-2.3.1.tgz",
      "integrity": "sha512-tOcUAmeO3BzwiQ7FGWdsshNvC0HVHcTFYw/TLIImmKwXYoV0E7zCBASa8IJ7DiP4cen/Yoj454gS0qqTnIGsFA==",
      "requires": {
        "lit-html": "^1.1.1"
      }
    },
    "lit-html": {
      "version": "1.2.1",
      "resolved": "https://registry.npmjs.org/lit-html/-/lit-html-1.2.1.tgz",
      "integrity": "sha512-GSJHHXMGLZDzTRq59IUfL9FCdAlGfqNp/dEa7k7aBaaWD+JKaCjsAk9KYm2V12ItonVaYx2dprN66Zdm1AuBTQ=="
    },
    "p-et-alia": {
      "version": "0.0.108",
      "resolved": "https://registry.npmjs.org/p-et-alia/-/p-et-alia-0.0.108.tgz",
      "integrity": "sha512-O3oPCX2f/oz4F2tpTerFGmbphUo8CfQw3AvszjqQ8Q+jiTkRs59WvEVkAYSA5a+kebkpK1bhHT5F59sYuXABpw==",
      "requires": {
        "css-observe": "0.0.22",
        "trans-render": "0.0.215",
        "xtal-element": "0.0.229",
        "xtal-state": "0.0.113"
      },
      "dependencies": {
        "trans-render": {
          "version": "0.0.215",
          "resolved": "https://registry.npmjs.org/trans-render/-/trans-render-0.0.215.tgz",
          "integrity": "sha512-5UvwsWRpP6Zyd5Mq6DaWuB/4gngKEjMXAJ87/ikH8BTeIngzu9aS3vLvGjOzDDih/9GzKaZVitkL3SKvVOhy7A=="
        },
        "xtal-element": {
          "version": "0.0.229",
          "resolved": "https://registry.npmjs.org/xtal-element/-/xtal-element-0.0.229.tgz",
          "integrity": "sha512-8Bu1BbPv6Zk0tiAwkQipZMJC2Ph4noliHZ4cnw5b0dnxnkewRvSU6poEU9v9dFREpIwT595xeAA078QQIavh7g==",
          "requires": {
            "trans-render": "0.0.215"
          }
        }
      }
    },
    "swag-tag": {
      "version": "0.0.23",
      "resolved": "https://registry.npmjs.org/swag-tag/-/swag-tag-0.0.23.tgz",
      "integrity": "sha512-xe4ruKv+9mmWZqe8q5/kScrslWnTHZrsHM/kmEPZWsbRXO3UaDu4ueRulKzOMeWCJbFnHRO72S+esaCUgmhDEQ==",
      "requires": {
        "@power-elements/json-viewer": "2.0.3",
        "p-et-alia": "0.0.108",
        "trans-render": "0.0.239",
        "wc-info": "0.0.75",
        "xtal-element": "0.0.266",
        "xtal-json-editor": "0.0.44"
      }
    },
    "trans-render": {
      "version": "0.0.239",
      "resolved": "https://registry.npmjs.org/trans-render/-/trans-render-0.0.239.tgz",
      "integrity": "sha512-KMMuXoF6xSZ//7Hjm2/mY3DtnbvHQVl6q6mfa5WJV6HXyBjqBLFwIhhuIJ09h/dTGI0E3NbFhnWZUoAS0InsNw=="
    },
    "tslib": {
      "version": "1.13.0",
      "resolved": "https://registry.npmjs.org/tslib/-/tslib-1.13.0.tgz",
      "integrity": "sha512-i/6DQjL8Xf3be4K/E6Wgpekn5Qasl1usyw++dAA35Ue5orEn65VIxOA+YvNNl9HV3qv70T7CNwjODHZrLwvd1Q=="
    },
    "wc-info": {
      "version": "0.0.75",
      "resolved": "https://registry.npmjs.org/wc-info/-/wc-info-0.0.75.tgz",
      "integrity": "sha512-ZUJlPnMzjBgAbjOXcms0eg0eBKsbllqyRpGUAsQywiT3ZImRKFIxIHmGGNxlUxvEgum8eIl3u5i8xpLeOfqM5w==",
      "requires": {
        "hypo-link": "0.0.20",
        "trans-render": "0.0.143",
        "xtal-element": "0.0.101"
      },
      "dependencies": {
        "trans-render": {
          "version": "0.0.143",
          "resolved": "https://registry.npmjs.org/trans-render/-/trans-render-0.0.143.tgz",
          "integrity": "sha512-FlcCFDICCwNNKxvvltkCRuj5uqskllOv3pBKbWJh/GWXbgpBnrh+pNQEuf8qujU0AsMcL8yPl2LYftAB20yicQ=="
        },
        "xtal-element": {
          "version": "0.0.101",
          "resolved": "https://registry.npmjs.org/xtal-element/-/xtal-element-0.0.101.tgz",
          "integrity": "sha512-bGg697g+fLU/Pep4UaQvUn3UDntk5UvH1mheAXuMJQ0dd1Zvoo+EAMbx0h6uLqQMkxaGtyUbkWNOXZssC3kk7A==",
          "requires": {
            "event-switch": "0.0.12",
            "trans-render": "0.0.142"
          },
          "dependencies": {
            "trans-render": {
              "version": "0.0.142",
              "resolved": "https://registry.npmjs.org/trans-render/-/trans-render-0.0.142.tgz",
              "integrity": "sha512-wkT1YsNy5+NWnt7H4PRShgmwFqzvCzlW9+uAeofNRXMUyVffF7BlBqwgDo0gWf8peFgPd9aXPYYpXDhD43dlEw=="
            }
          }
        }
      }
    },
    "xtal-element": {
      "version": "0.0.266",
      "resolved": "https://registry.npmjs.org/xtal-element/-/xtal-element-0.0.266.tgz",
      "integrity": "sha512-7Qg4DWCNvn9xPd9JNVc40Nv+bP9w5wsa5yRgcpOU8EU0DpGiTDK8j4UGJnISMDdWTI7P2z3sXD/emcnBkeLPIw==",
      "requires": {
        "trans-render": "0.0.239"
      }
    },
    "xtal-json-editor": {
      "version": "0.0.44",
      "resolved": "https://registry.npmjs.org/xtal-json-editor/-/xtal-json-editor-0.0.44.tgz",
      "integrity": "sha512-0RyWBjgYKMP1c1q/858mNWJXyF3SNggepMdd/IjE/Z64H2h258munXoMX0OU5ZHlxILdMy+UCEzZ1VDl2oWjgQ==",
      "requires": {
        "json-editor": "0.7.28",
        "trans-render": "0.0.234",
        "xtal-element": "0.0.259"
      },
      "dependencies": {
        "trans-render": {
          "version": "0.0.234",
          "resolved": "https://registry.npmjs.org/trans-render/-/trans-render-0.0.234.tgz",
          "integrity": "sha512-59Z2IMZ1nIsPxLTLUHyygmYltEvyVY+1xn+mYNujNkIKK9f8kVCed9zBTojK4+ANdr+ey1Pk9EcDJzwsolHtig=="
        },
        "xtal-element": {
          "version": "0.0.259",
          "resolved": "https://registry.npmjs.org/xtal-element/-/xtal-element-0.0.259.tgz",
          "integrity": "sha512-didLUPUmVO5LX7iNc+daKGRILaVjbqzwnBw8VtLM+Ozrv3bT531jWplT4Zxrl4upnbpQuRhYTUBeCjXDuDhmGw==",
          "requires": {
            "trans-render": "0.0.234"
          }
        }
      }
    },
    "xtal-state": {
      "version": "0.0.113",
      "resolved": "https://registry.npmjs.org/xtal-state/-/xtal-state-0.0.113.tgz",
      "integrity": "sha512-Z/04BLKfTbahugZ+ooVdu31z2pdflJkrs0vNmyvatlIyYOGltKmLoZKZ8HJZ6VGBBCg4cgikk9A4ImNS/AI+CQ==",
      "requires": {
        "trans-render": "0.0.212",
        "xtal-element": "0.0.223"
      },
      "dependencies": {
        "trans-render": {
          "version": "0.0.212",
          "resolved": "https://registry.npmjs.org/trans-render/-/trans-render-0.0.212.tgz",
          "integrity": "sha512-DWAMGLTZn8qrJsO9JcaICAdUpExgo+/9lqC17Gbq5h3DG9HymV+ssr5iDq/a6chES38BBtqTc5a2SCRGgcDNvg=="
        },
        "xtal-element": {
          "version": "0.0.223",
          "resolved": "https://registry.npmjs.org/xtal-element/-/xtal-element-0.0.223.tgz",
          "integrity": "sha512-UfPHI44jzSNmWT6sPTohfXjyJEjLlH528SAVCAz4/CpxyUyPlMe4exK8jciC7Yb7uZlaQ9tGGNAGDqPYukKr/A==",
          "requires": {
            "trans-render": "0.0.212"
          }
        }
      }
    }
  }
}
